// !$*UTF8*$!
{
	archiveVersion = 1;
	classes = {
	};
	objectVersion = 46;
	objects = {

/* Begin PBXBuildFile section */
		15BB3A591DD6AFB30019B8D1 /* AppDelegate.swift in Sources */ = {isa = PBXBuildFile; fileRef = 15BB3A581DD6AFB30019B8D1 /* AppDelegate.swift */; };
		15BB3A5C1DD6AFB30019B8D1 /* MyTime.xcdatamodeld in Sources */ = {isa = PBXBuildFile; fileRef = 15BB3A5A1DD6AFB30019B8D1 /* MyTime.xcdatamodeld */; };
		15BB3A5E1DD6AFB30019B8D1 /* MasterViewController.swift in Sources */ = {isa = PBXBuildFile; fileRef = 15BB3A5D1DD6AFB30019B8D1 /* MasterViewController.swift */; };
		15BB3A601DD6AFB30019B8D1 /* DetailViewController.swift in Sources */ = {isa = PBXBuildFile; fileRef = 15BB3A5F1DD6AFB30019B8D1 /* DetailViewController.swift */; };
		15BB3A631DD6AFB30019B8D1 /* Main.storyboard in Resources */ = {isa = PBXBuildFile; fileRef = 15BB3A611DD6AFB30019B8D1 /* Main.storyboard */; };
		15BB3A651DD6AFB30019B8D1 /* Assets.xcassets in Resources */ = {isa = PBXBuildFile; fileRef = 15BB3A641DD6AFB30019B8D1 /* Assets.xcassets */; };
		15BB3A681DD6AFB30019B8D1 /* LaunchScreen.storyboard in Resources */ = {isa = PBXBuildFile; fileRef = 15BB3A661DD6AFB30019B8D1 /* LaunchScreen.storyboard */; };
		15BB3A731DD6AFB30019B8D1 /* MyTimeTests.swift in Sources */ = {isa = PBXBuildFile; fileRef = 15BB3A721DD6AFB30019B8D1 /* MyTimeTests.swift */; };
		15BB3A7E1DD6AFB30019B8D1 /* MyTimeUITests.swift in Sources */ = {isa = PBXBuildFile; fileRef = 15BB3A7D1DD6AFB30019B8D1 /* MyTimeUITests.swift */; };
/* End PBXBuildFile section */

/* Begin PBXContainerItemProxy section */
		15BB3A6F1DD6AFB30019B8D1 /* PBXContainerItemProxy */ = {
			isa = PBXContainerItemProxy;
			containerPortal = 15BB3A4D1DD6AFB30019B8D1 /* Project object */;
			proxyType = 1;
			remoteGlobalIDString = 15BB3A541DD6AFB30019B8D1;
			remoteInfo = MyTime;
		};
		15BB3A7A1DD6AFB30019B8D1 /* PBXContainerItemProxy */ = {
			isa = PBXContainerItemProxy;
			containerPortal = 15BB3A4D1DD6AFB30019B8D1 /* Project object */;
			proxyType = 1;
			remoteGlobalIDString = 15BB3A541DD6AFB30019B8D1;
			remoteInfo = MyTime;
		};
/* End PBXContainerItemProxy section */

/* Begin PBXFileReference section */
		15BB3A551DD6AFB30019B8D1 /* MyTime.app */ = {isa = PBXFileReference; explicitFileType = wrapper.application; includeInIndex = 0; path = MyTime.app; sourceTree = BUILT_PRODUCTS_DIR; };
		15BB3A581DD6AFB30019B8D1 /* AppDelegate.swift */ = {isa = PBXFileReference; lastKnownFileType = sourcecode.swift; path = AppDelegate.swift; sourceTree = "<group>"; };
		15BB3A5B1DD6AFB30019B8D1 /* MyTime.xcdatamodel */ = {isa = PBXFileReference; lastKnownFileType = wrapper.xcdatamodel; path = MyTime.xcdatamodel; sourceTree = "<group>"; };
		15BB3A5D1DD6AFB30019B8D1 /* MasterViewController.swift */ = {isa = PBXFileReference; lastKnownFileType = sourcecode.swift; path = MasterViewController.swift; sourceTree = "<group>"; };
		15BB3A5F1DD6AFB30019B8D1 /* DetailViewController.swift */ = {isa = PBXFileReference; lastKnownFileType = sourcecode.swift; path = DetailViewController.swift; sourceTree = "<group>"; };
		15BB3A621DD6AFB30019B8D1 /* Base */ = {isa = PBXFileReference; lastKnownFileType = file.storyboard; name = Base; path = Base.lproj/Main.storyboard; sourceTree = "<group>"; };
		15BB3A641DD6AFB30019B8D1 /* Assets.xcassets */ = {isa = PBXFileReference; lastKnownFileType = folder.assetcatalog; path = Assets.xcassets; sourceTree = "<group>"; };
		15BB3A671DD6AFB30019B8D1 /* Base */ = {isa = PBXFileReference; lastKnownFileType = file.storyboard; name = Base; path = Base.lproj/LaunchScreen.storyboard; sourceTree = "<group>"; };
		15BB3A691DD6AFB30019B8D1 /* Info.plist */ = {isa = PBXFileReference; lastKnownFileType = text.plist.xml; path = Info.plist; sourceTree = "<group>"; };
		15BB3A6E1DD6AFB30019B8D1 /* MyTimeTests.xctest */ = {isa = PBXFileReference; explicitFileType = wrapper.cfbundle; includeInIndex = 0; path = MyTimeTests.xctest; sourceTree = BUILT_PRODUCTS_DIR; };
		15BB3A721DD6AFB30019B8D1 /* MyTimeTests.swift */ = {isa = PBXFileReference; lastKnownFileType = sourcecode.swift; path = MyTimeTests.swift; sourceTree = "<group>"; };
		15BB3A741DD6AFB30019B8D1 /* Info.plist */ = {isa = PBXFileReference; lastKnownFileType = text.plist.xml; path = Info.plist; sourceTree = "<group>"; };
		15BB3A791DD6AFB30019B8D1 /* MyTimeUITests.xctest */ = {isa = PBXFileReference; explicitFileType = wrapper.cfbundle; includeInIndex = 0; path = MyTimeUITests.xctest; sourceTree = BUILT_PRODUCTS_DIR; };
		15BB3A7D1DD6AFB30019B8D1 /* MyTimeUITests.swift */ = {isa = PBXFileReference; lastKnownFileType = sourcecode.swift; path = MyTimeUITests.swift; sourceTree = "<group>"; };
		15BB3A7F1DD6AFB40019B8D1 /* Info.plist */ = {isa = PBXFileReference; lastKnownFileType = text.plist.xml; path = Info.plist; sourceTree = "<group>"; };
/* End PBXFileReference section */

/* Begin PBXFrameworksBuildPhase section */
		15BB3A521DD6AFB30019B8D1 /* Frameworks */ = {
			isa = PBXFrameworksBuildPhase;
			buildActionMask = 2147483647;
			files = (
			);
			runOnlyForDeploymentPostprocessing = 0;
		};
		15BB3A6B1DD6AFB30019B8D1 /* Frameworks */ = {
			isa = PBXFrameworksBuildPhase;
			buildActionMask = 2147483647;
			files = (
			);
			runOnlyForDeploymentPostprocessing = 0;
		};
		15BB3A761DD6AFB30019B8D1 /* Frameworks */ = {
			isa = PBXFrameworksBuildPhase;
			buildActionMask = 2147483647;
			files = (
			);
			runOnlyForDeploymentPostprocessing = 0;
		};
/* End PBXFrameworksBuildPhase section */

/* Begin PBXGroup section */
		15BB3A4C1DD6AFB30019B8D1 = {
			isa = PBXGroup;
			children = (
				15BB3A571DD6AFB30019B8D1 /* MyTime */,
				15BB3A711DD6AFB30019B8D1 /* MyTimeTests */,
				15BB3A7C1DD6AFB30019B8D1 /* MyTimeUITests */,
				15BB3A561DD6AFB30019B8D1 /* Products */,
			);
			sourceTree = "<group>";
		};
		15BB3A561DD6AFB30019B8D1 /* Products */ = {
			isa = PBXGroup;
			children = (
				15BB3A551DD6AFB30019B8D1 /* MyTime.app */,
				15BB3A6E1DD6AFB30019B8D1 /* MyTimeTests.xctest */,
				15BB3A791DD6AFB30019B8D1 /* MyTimeUITests.xctest */,
			);
			name = Products;
			sourceTree = "<group>";
		};
		15BB3A571DD6AFB30019B8D1 /* MyTime */ = {
			isa = PBXGroup;
			children = (
				15BB3A581DD6AFB30019B8D1 /* AppDelegate.swift */,
				15BB3A5D1DD6AFB30019B8D1 /* MasterViewController.swift */,
				15BB3A5F1DD6AFB30019B8D1 /* DetailViewController.swift */,
				15BB3A611DD6AFB30019B8D1 /* Main.storyboard */,
				15BB3A641DD6AFB30019B8D1 /* Assets.xcassets */,
				15BB3A661DD6AFB30019B8D1 /* LaunchScreen.storyboard */,
				15BB3A691DD6AFB30019B8D1 /* Info.plist */,
				15BB3A5A1DD6AFB30019B8D1 /* MyTime.xcdatamodeld */,
			);
			path = MyTime;
			sourceTree = "<group>";
		};
		15BB3A711DD6AFB30019B8D1 /* MyTimeTests */ = {
			isa = PBXGroup;
			children = (
				15BB3A721DD6AFB30019B8D1 /* MyTimeTests.swift */,
				15BB3A741DD6AFB30019B8D1 /* Info.plist */,
			);
			path = MyTimeTests;
			sourceTree = "<group>";
		};
		15BB3A7C1DD6AFB30019B8D1 /* MyTimeUITests */ = {
			isa = PBXGroup;
			children = (
				15BB3A7D1DD6AFB30019B8D1 /* MyTimeUITests.swift */,
				15BB3A7F1DD6AFB40019B8D1 /* Info.plist */,
			);
			path = MyTimeUITests;
			sourceTree = "<group>";
		};
/* End PBXGroup section */

/* Begin PBXNativeTarget section */
		15BB3A541DD6AFB30019B8D1 /* MyTime */ = {
			isa = PBXNativeTarget;
			buildConfigurationList = 15BB3A821DD6AFB40019B8D1 /* Build configuration list for PBXNativeTarget "MyTime" */;
			buildPhases = (
				15BB3A511DD6AFB30019B8D1 /* Sources */,
				15BB3A521DD6AFB30019B8D1 /* Frameworks */,
				15BB3A531DD6AFB30019B8D1 /* Resources */,
			);
			buildRules = (
			);
			dependencies = (
			);
			name = MyTime;
			productName = MyTime;
			productReference = 15BB3A551DD6AFB30019B8D1 /* MyTime.app */;
			productType = "com.apple.product-type.application";
		};
		15BB3A6D1DD6AFB30019B8D1 /* MyTimeTests */ = {
			isa = PBXNativeTarget;
			buildConfigurationList = 15BB3A851DD6AFB40019B8D1 /* Build configuration list for PBXNativeTarget "MyTimeTests" */;
			buildPhases = (
				15BB3A6A1DD6AFB30019B8D1 /* Sources */,
				15BB3A6B1DD6AFB30019B8D1 /* Frameworks */,
				15BB3A6C1DD6AFB30019B8D1 /* Resources */,
			);
			buildRules = (
			);
			dependencies = (
				15BB3A701DD6AFB30019B8D1 /* PBXTargetDependency */,
			);
			name = MyTimeTests;
			productName = MyTimeTests;
			productReference = 15BB3A6E1DD6AFB30019B8D1 /* MyTimeTests.xctest */;
			productType = "com.apple.product-type.bundle.unit-test";
		};
		15BB3A781DD6AFB30019B8D1 /* MyTimeUITests */ = {
			isa = PBXNativeTarget;
			buildConfigurationList = 15BB3A881DD6AFB40019B8D1 /* Build configuration list for PBXNativeTarget "MyTimeUITests" */;
			buildPhases = (
				15BB3A751DD6AFB30019B8D1 /* Sources */,
				15BB3A761DD6AFB30019B8D1 /* Frameworks */,
				15BB3A771DD6AFB30019B8D1 /* Resources */,
			);
			buildRules = (
			);
			dependencies = (
				15BB3A7B1DD6AFB30019B8D1 /* PBXTargetDependency */,
			);
			name = MyTimeUITests;
			productName = MyTimeUITests;
			productReference = 15BB3A791DD6AFB30019B8D1 /* MyTimeUITests.xctest */;
			productType = "com.apple.product-type.bundle.ui-testing";
		};
/* End PBXNativeTarget section */

/* Begin PBXProject section */
		15BB3A4D1DD6AFB30019B8D1 /* Project object */ = {
			isa = PBXProject;
			attributes = {
				LastSwiftUpdateCheck = 0810;
				LastUpgradeCheck = 0810;
				ORGANIZATIONNAME = "Bruno Almeida";
				TargetAttributes = {
					15BB3A541DD6AFB30019B8D1 = {
						CreatedOnToolsVersion = 8.1;
						DevelopmentTeam = Q8A32W8MGA;
						ProvisioningStyle = Automatic;
					};
					15BB3A6D1DD6AFB30019B8D1 = {
						CreatedOnToolsVersion = 8.1;
						DevelopmentTeam = Q8A32W8MGA;
						ProvisioningStyle = Automatic;
						TestTargetID = 15BB3A541DD6AFB30019B8D1;
					};
					15BB3A781DD6AFB30019B8D1 = {
						CreatedOnToolsVersion = 8.1;
						DevelopmentTeam = Q8A32W8MGA;
						ProvisioningStyle = Automatic;
						TestTargetID = 15BB3A541DD6AFB30019B8D1;
					};
				};
			};
			buildConfigurationList = 15BB3A501DD6AFB30019B8D1 /* Build configuration list for PBXProject "MyTime" */;
			compatibilityVersion = "Xcode 3.2";
			developmentRegion = English;
			hasScannedForEncodings = 0;
			knownRegions = (
				en,
				Base,
			);
			mainGroup = 15BB3A4C1DD6AFB30019B8D1;
			productRefGroup = 15BB3A561DD6AFB30019B8D1 /* Products */;
			projectDirPath = "";
			projectRoot = "";
			targets = (
				15BB3A541DD6AFB30019B8D1 /* MyTime */,
				15BB3A6D1DD6AFB30019B8D1 /* MyTimeTests */,
				15BB3A781DD6AFB30019B8D1 /* MyTimeUITests */,
			);
		};
/* End PBXProject section */

/* Begin PBXResourcesBuildPhase section */
		15BB3A531DD6AFB30019B8D1 /* Resources */ = {
			isa = PBXResourcesBuildPhase;
			buildActionMask = 2147483647;
			files = (
				15BB3A681DD6AFB30019B8D1 /* LaunchScreen.storyboard in Resources */,
				15BB3A651DD6AFB30019B8D1 /* Assets.xcassets in Resources */,
				15BB3A631DD6AFB30019B8D1 /* Main.storyboard in Resources */,
			);
			runOnlyForDeploymentPostprocessing = 0;
		};
		15BB3A6C1DD6AFB30019B8D1 /* Resources */ = {
			isa = PBXResourcesBuildPhase;
			buildActionMask = 2147483647;
			files = (
			);
			runOnlyForDeploymentPostprocessing = 0;
		};
		15BB3A771DD6AFB30019B8D1 /* Resources */ = {
			isa = PBXResourcesBuildPhase;
			buildActionMask = 2147483647;
			files = (
			);
			runOnlyForDeploymentPostprocessing = 0;
		};
/* End PBXResourcesBuildPhase section */

/* Begin PBXSourcesBuildPhase section */
		15BB3A511DD6AFB30019B8D1 /* Sources */ = {
			isa = PBXSourcesBuildPhase;
			buildActionMask = 2147483647;
			files = (
				15BB3A5C1DD6AFB30019B8D1 /* MyTime.xcdatamodeld in Sources */,
				15BB3A591DD6AFB30019B8D1 /* AppDelegate.swift in Sources */,
				15BB3A5E1DD6AFB30019B8D1 /* MasterViewController.swift in Sources */,
				15BB3A601DD6AFB30019B8D1 /* DetailViewController.swift in Sources */,
			);
			runOnlyForDeploymentPostprocessing = 0;
		};
		15BB3A6A1DD6AFB30019B8D1 /* Sources */ = {
			isa = PBXSourcesBuildPhase;
			buildActionMask = 2147483647;
			files = (
				15BB3A731DD6AFB30019B8D1 /* MyTimeTests.swift in Sources */,
			);
			runOnlyForDeploymentPostprocessing = 0;
		};
		15BB3A751DD6AFB30019B8D1 /* Sources */ = {
			isa = PBXSourcesBuildPhase;
			buildActionMask = 2147483647;
			files = (
				15BB3A7E1DD6AFB30019B8D1 /* MyTimeUITests.swift in Sources */,
			);
			runOnlyForDeploymentPostprocessing = 0;
		};
/* End PBXSourcesBuildPhase section */

/* Begin PBXTargetDependency section */
		15BB3A701DD6AFB30019B8D1 /* PBXTargetDependency */ = {
			isa = PBXTargetDependency;
			target = 15BB3A541DD6AFB30019B8D1 /* MyTime */;
			targetProxy = 15BB3A6F1DD6AFB30019B8D1 /* PBXContainerItemProxy */;
		};
		15BB3A7B1DD6AFB30019B8D1 /* PBXTargetDependency */ = {
			isa = PBXTargetDependency;
			target = 15BB3A541DD6AFB30019B8D1 /* MyTime */;
			targetProxy = 15BB3A7A1DD6AFB30019B8D1 /* PBXContainerItemProxy */;
		};
/* End PBXTargetDependency section */

/* Begin PBXVariantGroup section */
		15BB3A611DD6AFB30019B8D1 /* Main.storyboard */ = {
			isa = PBXVariantGroup;
			children = (
				15BB3A621DD6AFB30019B8D1 /* Base */,
			);
			name = Main.storyboard;
			sourceTree = "<group>";
		};
		15BB3A661DD6AFB30019B8D1 /* LaunchScreen.storyboard */ = {
			isa = PBXVariantGroup;
			children = (
				15BB3A671DD6AFB30019B8D1 /* Base */,
			);
			name = LaunchScreen.storyboard;
			sourceTree = "<group>";
		};
/* End PBXVariantGroup section */

/* Begin XCBuildConfiguration section */
		15BB3A801DD6AFB40019B8D1 /* Debug */ = {
			isa = XCBuildConfiguration;
			buildSettings = {
				ALWAYS_SEARCH_USER_PATHS = NO;
				CLANG_ANALYZER_NONNULL = YES;
				CLANG_CXX_LANGUAGE_STANDARD = "gnu++0x";
				CLANG_CXX_LIBRARY = "libc++";
				CLANG_ENABLE_MODULES = YES;
				CLANG_ENABLE_OBJC_ARC = YES;
				CLANG_WARN_BOOL_CONVERSION = YES;
				CLANG_WARN_CONSTANT_CONVERSION = YES;
				CLANG_WARN_DIRECT_OBJC_ISA_USAGE = YES_ERROR;
				CLANG_WARN_DOCUMENTATION_COMMENTS = YES;
				CLANG_WARN_EMPTY_BODY = YES;
				CLANG_WARN_ENUM_CONVERSION = YES;
				CLANG_WARN_INFINITE_RECURSION = YES;
				CLANG_WARN_INT_CONVERSION = YES;
				CLANG_WARN_OBJC_ROOT_CLASS = YES_ERROR;
				CLANG_WARN_SUSPICIOUS_MOVES = YES;
				CLANG_WARN_UNREACHABLE_CODE = YES;
				CLANG_WARN__DUPLICATE_METHOD_MATCH = YES;
				"CODE_SIGN_IDENTITY[sdk=iphoneos*]" = "iPhone Developer";
				COPY_PHASE_STRIP = NO;
				DEBUG_INFORMATION_FORMAT = dwarf;
				ENABLE_STRICT_OBJC_MSGSEND = YES;
				ENABLE_TESTABILITY = YES;
				GCC_C_LANGUAGE_STANDARD = gnu99;
				GCC_DYNAMIC_NO_PIC = NO;
				GCC_NO_COMMON_BLOCKS = YES;
				GCC_OPTIMIZATION_LEVEL = 0;
				GCC_PREPROCESSOR_DEFINITIONS = (
					"DEBUG=1",
					"$(inherited)",
				);
				GCC_WARN_64_TO_32_BIT_CONVERSION = YES;
				GCC_WARN_ABOUT_RETURN_TYPE = YES_ERROR;
				GCC_WARN_UNDECLARED_SELECTOR = YES;
				GCC_WARN_UNINITIALIZED_AUTOS = YES_AGGRESSIVE;
				GCC_WARN_UNUSED_FUNCTION = YES;
				GCC_WARN_UNUSED_VARIABLE = YES;
				IPHONEOS_DEPLOYMENT_TARGET = 10.1;
				MTL_ENABLE_DEBUG_INFO = YES;
				ONLY_ACTIVE_ARCH = YES;
				SDKROOT = iphoneos;
				SWIFT_ACTIVE_COMPILATION_CONDITIONS = DEBUG;
				SWIFT_OPTIMIZATION_LEVEL = "-Onone";
				TARGETED_DEVICE_FAMILY = "1,2";
			};
			name = Debug;
		};
		15BB3A811DD6AFB40019B8D1 /* Release */ = {
			isa = XCBuildConfiguration;
			buildSettings = {
				ALWAYS_SEARCH_USER_PATHS = NO;
				CLANG_ANALYZER_NONNULL = YES;
				CLANG_CXX_LANGUAGE_STANDARD = "gnu++0x";
				CLANG_CXX_LIBRARY = "libc++";
				CLANG_ENABLE_MODULES = YES;
				CLANG_ENABLE_OBJC_ARC = YES;
				CLANG_WARN_BOOL_CONVERSION = YES;
				CLANG_WARN_CONSTANT_CONVERSION = YES;
				CLANG_WARN_DIRECT_OBJC_ISA_USAGE = YES_ERROR;
				CLANG_WARN_DOCUMENTATION_COMMENTS = YES;
				CLANG_WARN_EMPTY_BODY = YES;
				CLANG_WARN_ENUM_CONVERSION = YES;
				CLANG_WARN_INFINITE_RECURSION = YES;
				CLANG_WARN_INT_CONVERSION = YES;
				CLANG_WARN_OBJC_ROOT_CLASS = YES_ERROR;
				CLANG_WARN_SUSPICIOUS_MOVES = YES;
				CLANG_WARN_UNREACHABLE_CODE = YES;
				CLANG_WARN__DUPLICATE_METHOD_MATCH = YES;
				"CODE_SIGN_IDENTITY[sdk=iphoneos*]" = "iPhone Developer";
				COPY_PHASE_STRIP = NO;
				DEBUG_INFORMATION_FORMAT = "dwarf-with-dsym";
				ENABLE_NS_ASSERTIONS = NO;
				ENABLE_STRICT_OBJC_MSGSEND = YES;
				GCC_C_LANGUAGE_STANDARD = gnu99;
				GCC_NO_COMMON_BLOCKS = YES;
				GCC_WARN_64_TO_32_BIT_CONVERSION = YES;
				GCC_WARN_ABOUT_RETURN_TYPE = YES_ERROR;
				GCC_WARN_UNDECLARED_SELECTOR = YES;
				GCC_WARN_UNINITIALIZED_AUTOS = YES_AGGRESSIVE;
				GCC_WARN_UNUSED_FUNCTION = YES;
				GCC_WARN_UNUSED_VARIABLE = YES;
				IPHONEOS_DEPLOYMENT_TARGET = 10.1;
				MTL_ENABLE_DEBUG_INFO = NO;
				SDKROOT = iphoneos;
				SWIFT_OPTIMIZATION_LEVEL = "-Owholemodule";
				TARGETED_DEVICE_FAMILY = "1,2";
				VALIDATE_PRODUCT = YES;
			};
			name = Release;
		};
		15BB3A831DD6AFB40019B8D1 /* Debug */ = {
			isa = XCBuildConfiguration;
			buildSettings = {
				ASSETCATALOG_COMPILER_APPICON_NAME = AppIcon;
				DEVELOPMENT_TEAM = Q8A32W8MGA;
				INFOPLIST_FILE = MyTime/Info.plist;
				LD_RUNPATH_SEARCH_PATHS = "$(inherited) @executable_path/Frameworks";
				PRODUCT_BUNDLE_IDENTIFIER = ca.brunoalmeida.MyTime;
				PRODUCT_NAME = "$(TARGET_NAME)";
				SWIFT_VERSION = 3.0;
			};
			name = Debug;
		};
		15BB3A841DD6AFB40019B8D1 /* Release */ = {
			isa = XCBuildConfiguration;
			buildSettings = {
				ASSETCATALOG_COMPILER_APPICON_NAME = AppIcon;
				DEVELOPMENT_TEAM = Q8A32W8MGA;
				INFOPLIST_FILE = MyTime/Info.plist;
				LD_RUNPATH_SEARCH_PATHS = "$(inherited) @executable_path/Frameworks";
				PRODUCT_BUNDLE_IDENTIFIER = ca.brunoalmeida.MyTime;
				PRODUCT_NAME = "$(TARGET_NAME)";
				SWIFT_VERSION = 3.0;
			};
			name = Release;
		};
		15BB3A861DD6AFB40019B8D1 /* Debug */ = {
			isa = XCBuildConfiguration;
			buildSettings = {
				ALWAYS_EMBED_SWIFT_STANDARD_LIBRARIES = YES;
				BUNDLE_LOADER = "$(TEST_HOST)";
				DEVELOPMENT_TEAM = Q8A32W8MGA;
				INFOPLIST_FILE = MyTimeTests/Info.plist;
				LD_RUNPATH_SEARCH_PATHS = "$(inherited) @executable_path/Frameworks @loader_path/Frameworks";
				PRODUCT_BUNDLE_IDENTIFIER = ca.brunoalmeida.MyTimeTests;
				PRODUCT_NAME = "$(TARGET_NAME)";
				SWIFT_VERSION = 3.0;
				TEST_HOST = "$(BUILT_PRODUCTS_DIR)/MyTime.app/MyTime";
			};
			name = Debug;
		};
		15BB3A871DD6AFB40019B8D1 /* Release */ = {
			isa = XCBuildConfiguration;
			buildSettings = {
				ALWAYS_EMBED_SWIFT_STANDARD_LIBRARIES = YES;
				BUNDLE_LOADER = "$(TEST_HOST)";
				DEVELOPMENT_TEAM = Q8A32W8MGA;
				INFOPLIST_FILE = MyTimeTests/Info.plist;
				LD_RUNPATH_SEARCH_PATHS = "$(inherited) @executable_path/Frameworks @loader_path/Frameworks";
				PRODUCT_BUNDLE_IDENTIFIER = ca.brunoalmeida.MyTimeTests;
				PRODUCT_NAME = "$(TARGET_NAME)";
				SWIFT_VERSION = 3.0;
				TEST_HOST = "$(BUILT_PRODUCTS_DIR)/MyTime.app/MyTime";
			};
			name = Release;
		};
		15BB3A891DD6AFB40019B8D1 /* Debug */ = {
			isa = XCBuildConfiguration;
			buildSettings = {
				ALWAYS_EMBED_SWIFT_STANDARD_LIBRARIES = YES;
				DEVELOPMENT_TEAM = Q8A32W8MGA;
				INFOPLIST_FILE = MyTimeUITests/Info.plist;
				LD_RUNPATH_SEARCH_PATHS = "$(inherited) @executable_path/Frameworks @loader_path/Frameworks";
				PRODUCT_BUNDLE_IDENTIFIER = ca.brunoalmeida.MyTimeUITests;
				PRODUCT_NAME = "$(TARGET_NAME)";
				SWIFT_VERSION = 3.0;
				TEST_TARGET_NAME = MyTime;
			};
			name = Debug;
		};
		15BB3A8A1DD6AFB40019B8D1 /* Release */ = {
			isa = XCBuildConfiguration;
			buildSettings = {
				ALWAYS_EMBED_SWIFT_STANDARD_LIBRARIES = YES;
				DEVELOPMENT_TEAM = Q8A32W8MGA;
				INFOPLIST_FILE = MyTimeUITests/Info.plist;
				LD_RUNPATH_SEARCH_PATHS = "$(inherited) @executable_path/Frameworks @loader_path/Frameworks";
				PRODUCT_BUNDLE_IDENTIFIER = ca.brunoalmeida.MyTimeUITests;
				PRODUCT_NAME = "$(TARGET_NAME)";
				SWIFT_VERSION = 3.0;
				TEST_TARGET_NAME = MyTime;
			};
			name = Release;
		};
/* End XCBuildConfiguration section */

/* Begin XCConfigurationList section */
		15BB3A501DD6AFB30019B8D1 /* Build configuration list for PBXProject "MyTime" */ = {
			isa = XCConfigurationList;
			buildConfigurations = (
				15BB3A801DD6AFB40019B8D1 /* Debug */,
				15BB3A811DD6AFB40019B8D1 /* Release */,
			);
			defaultConfigurationIsVisible = 0;
			defaultConfigurationName = Release;
		};
		15BB3A821DD6AFB40019B8D1 /* Build configuration list for PBXNativeTarget "MyTime" */ = {
			isa = XCConfigurationList;
			buildConfigurations = (
				15BB3A831DD6AFB40019B8D1 /* Debug */,
				15BB3A841DD6AFB40019B8D1 /* Release */,
			);
			defaultConfigurationIsVisible = 0;
		};
		15BB3A851DD6AFB40019B8D1 /* Build configuration list for PBXNativeTarget "MyTimeTests" */ = {
			isa = XCConfigurationList;
			buildConfigurations = (
				15BB3A861DD6AFB40019B8D1 /* Debug */,
				15BB3A871DD6AFB40019B8D1 /* Release */,
			);
			defaultConfigurationIsVisible = 0;
		};
		15BB3A881DD6AFB40019B8D1 /* Build configuration list for PBXNativeTarget "MyTimeUITests" */ = {
			isa = XCConfigurationList;
			buildConfigurations = (
				15BB3A891DD6AFB40019B8D1 /* Debug */,
				15BB3A8A1DD6AFB40019B8D1 /* Release */,
			);
			defaultConfigurationIsVisible = 0;
		};
/* End XCConfigurationList section */

/* Begin XCVersionGroup section */
		15BB3A5A1DD6AFB30019B8D1 /* MyTime.xcdatamodeld */ = {
			isa = XCVersionGroup;
			children = (
				15BB3A5B1DD6AFB30019B8D1 /* MyTime.xcdatamodel */,
			);
			currentVersion = 15BB3A5B1DD6AFB30019B8D1 /* MyTime.xcdatamodel */;
			path = MyTime.xcdatamodeld;
			sourceTree = "<group>";
			versionGroupType = wrapper.xcdatamodel;
		};
/* End XCVersionGroup section */
	};
	rootObject = 15BB3A4D1DD6AFB30019B8D1 /* Project object */;
}
