// !$*UTF8*$!
{
	archiveVersion = 1;
	classes = {
	};
	objectVersion = 46;
	objects = {

/* Begin PBXBuildFile section */
		151740DE1EEC406B00F7B7E1 /* PriorityTaskListViewController.swift in Sources */ = {isa = PBXBuildFile; fileRef = 151740DD1EEC406B00F7B7E1 /* PriorityTaskListViewController.swift */; };
		151818AC1EECD1B800E51B79 /* TestUtilities.swift in Sources */ = {isa = PBXBuildFile; fileRef = 151818AB1EECD1B800E51B79 /* TestUtilities.swift */; };
		151818AE1EECD9EB00E51B79 /* Utilities.swift in Sources */ = {isa = PBXBuildFile; fileRef = 151818AD1EECD9EB00E51B79 /* Utilities.swift */; };
		151BCBF71E7CC87100B89CF0 /* PriorityListViewController.swift in Sources */ = {isa = PBXBuildFile; fileRef = 151BCBF61E7CC87100B89CF0 /* PriorityListViewController.swift */; };
		1520656A1EEC716800F3B342 /* DateIntervalListViewController.swift in Sources */ = {isa = PBXBuildFile; fileRef = 152065691EEC716800F3B342 /* DateIntervalListViewController.swift */; };
		15211EF01EF6CE9A00AF07CE /* DateIntervalAnalysisViewController.swift in Sources */ = {isa = PBXBuildFile; fileRef = 15211EEF1EF6CE9A00AF07CE /* DateIntervalAnalysisViewController.swift */; };
		155D77731E024CBF00560215 /* NewTaskTimerViewController.swift in Sources */ = {isa = PBXBuildFile; fileRef = 155D77721E024CBF00560215 /* NewTaskTimerViewController.swift */; };
		156F25D51F14290500B9087F /* AnalysisViewController.swift in Sources */ = {isa = PBXBuildFile; fileRef = 156F25D41F14290500B9087F /* AnalysisViewController.swift */; };
		157F79C71E15CFC400ED6452 /* TimeInterval.swift in Sources */ = {isa = PBXBuildFile; fileRef = 157F79C61E15CFC400ED6452 /* TimeInterval.swift */; };
		157F79C91E15DA7000ED6452 /* Task.swift in Sources */ = {isa = PBXBuildFile; fileRef = 157F79C81E15DA7000ED6452 /* Task.swift */; };
		158DF2CB1EBA53E100AD98E0 /* PrioritySelectionViewController.swift in Sources */ = {isa = PBXBuildFile; fileRef = 158DF2CA1EBA53E100AD98E0 /* PrioritySelectionViewController.swift */; };
		15B776751E73B63C00595C27 /* Priority.swift in Sources */ = {isa = PBXBuildFile; fileRef = 15B776741E73B63C00595C27 /* Priority.swift */; };
		15B776771E73B8E700595C27 /* DataModel.swift in Sources */ = {isa = PBXBuildFile; fileRef = 15B776761E73B8E700595C27 /* DataModel.swift */; };
		15CDA3C81E7C38CF0032CFD0 /* TestDataModel.swift in Sources */ = {isa = PBXBuildFile; fileRef = 15CDA3C71E7C38CF0032CFD0 /* TestDataModel.swift */; };
		15CDA3CA1E7C39690032CFD0 /* TestTask.swift in Sources */ = {isa = PBXBuildFile; fileRef = 15CDA3C91E7C39690032CFD0 /* TestTask.swift */; };
		15CDA3CC1E7C39860032CFD0 /* TestTimeInterval.swift in Sources */ = {isa = PBXBuildFile; fileRef = 15CDA3CB1E7C39860032CFD0 /* TestTimeInterval.swift */; };
		15D648881EEC4B9900826CEA /* NewTaskViewController.swift in Sources */ = {isa = PBXBuildFile; fileRef = 15D648871EEC4B9900826CEA /* NewTaskViewController.swift */; };
		15D6488C1EEC501A00826CEA /* AllTaskListViewController.swift in Sources */ = {isa = PBXBuildFile; fileRef = 15D6488B1EEC501A00826CEA /* AllTaskListViewController.swift */; };
		15E9BB8C1E024815007004C8 /* AppDelegate.swift in Sources */ = {isa = PBXBuildFile; fileRef = 15E9BB8B1E024815007004C8 /* AppDelegate.swift */; };
		15E9BB8E1E024815007004C8 /* TaskListViewController.swift in Sources */ = {isa = PBXBuildFile; fileRef = 15E9BB8D1E024815007004C8 /* TaskListViewController.swift */; };
		15E9BB901E024815007004C8 /* TaskDetailViewController.swift in Sources */ = {isa = PBXBuildFile; fileRef = 15E9BB8F1E024815007004C8 /* TaskDetailViewController.swift */; };
		15E9BB931E024815007004C8 /* Main.storyboard in Resources */ = {isa = PBXBuildFile; fileRef = 15E9BB911E024815007004C8 /* Main.storyboard */; };
		15E9BB951E024815007004C8 /* Assets.xcassets in Resources */ = {isa = PBXBuildFile; fileRef = 15E9BB941E024815007004C8 /* Assets.xcassets */; };
		15E9BB981E024815007004C8 /* LaunchScreen.storyboard in Resources */ = {isa = PBXBuildFile; fileRef = 15E9BB961E024815007004C8 /* LaunchScreen.storyboard */; };
		15E9BBA31E024815007004C8 /* MyTimeTests.swift in Sources */ = {isa = PBXBuildFile; fileRef = 15E9BBA21E024815007004C8 /* MyTimeTests.swift */; };
		15E9BBAE1E024815007004C8 /* MyTimeUITests.swift in Sources */ = {isa = PBXBuildFile; fileRef = 15E9BBAD1E024815007004C8 /* MyTimeUITests.swift */; };
		15EC386F1F045F7E00912718 /* DateIntervalPriorityAnalysisViewController.swift in Sources */ = {isa = PBXBuildFile; fileRef = 15EC386E1F045F7E00912718 /* DateIntervalPriorityAnalysisViewController.swift */; };
		15EC38721F046A9000912718 /* ThreeLabelCell.swift in Sources */ = {isa = PBXBuildFile; fileRef = 15EC38701F046A9000912718 /* ThreeLabelCell.swift */; };
		15EC38731F046A9000912718 /* ThreeLabelCell.xib in Resources */ = {isa = PBXBuildFile; fileRef = 15EC38711F046A9000912718 /* ThreeLabelCell.xib */; };
/* End PBXBuildFile section */

/* Begin PBXContainerItemProxy section */
		15E9BB9F1E024815007004C8 /* PBXContainerItemProxy */ = {
			isa = PBXContainerItemProxy;
			containerPortal = 15E9BB801E024814007004C8 /* Project object */;
			proxyType = 1;
			remoteGlobalIDString = 15E9BB871E024815007004C8;
			remoteInfo = MyTime;
		};
		15E9BBAA1E024815007004C8 /* PBXContainerItemProxy */ = {
			isa = PBXContainerItemProxy;
			containerPortal = 15E9BB801E024814007004C8 /* Project object */;
			proxyType = 1;
			remoteGlobalIDString = 15E9BB871E024815007004C8;
			remoteInfo = MyTime;
		};
/* End PBXContainerItemProxy section */

/* Begin PBXFileReference section */
		151740DD1EEC406B00F7B7E1 /* PriorityTaskListViewController.swift */ = {isa = PBXFileReference; fileEncoding = 4; lastKnownFileType = sourcecode.swift; path = PriorityTaskListViewController.swift; sourceTree = "<group>"; };
		151818AB1EECD1B800E51B79 /* TestUtilities.swift */ = {isa = PBXFileReference; fileEncoding = 4; lastKnownFileType = sourcecode.swift; path = TestUtilities.swift; sourceTree = "<group>"; };
		151818AD1EECD9EB00E51B79 /* Utilities.swift */ = {isa = PBXFileReference; fileEncoding = 4; lastKnownFileType = sourcecode.swift; path = Utilities.swift; sourceTree = "<group>"; };
		151BCBF61E7CC87100B89CF0 /* PriorityListViewController.swift */ = {isa = PBXFileReference; fileEncoding = 4; lastKnownFileType = sourcecode.swift; path = PriorityListViewController.swift; sourceTree = "<group>"; };
		152065691EEC716800F3B342 /* DateIntervalListViewController.swift */ = {isa = PBXFileReference; fileEncoding = 4; lastKnownFileType = sourcecode.swift; path = DateIntervalListViewController.swift; sourceTree = "<group>"; };
		15211EEF1EF6CE9A00AF07CE /* DateIntervalAnalysisViewController.swift */ = {isa = PBXFileReference; fileEncoding = 4; lastKnownFileType = sourcecode.swift; path = DateIntervalAnalysisViewController.swift; sourceTree = "<group>"; };
		155D77721E024CBF00560215 /* NewTaskTimerViewController.swift */ = {isa = PBXFileReference; fileEncoding = 4; lastKnownFileType = sourcecode.swift; path = NewTaskTimerViewController.swift; sourceTree = "<group>"; };
		156F25D41F14290500B9087F /* AnalysisViewController.swift */ = {isa = PBXFileReference; fileEncoding = 4; lastKnownFileType = sourcecode.swift; path = AnalysisViewController.swift; sourceTree = "<group>"; };
		157F79C61E15CFC400ED6452 /* TimeInterval.swift */ = {isa = PBXFileReference; fileEncoding = 4; lastKnownFileType = sourcecode.swift; path = TimeInterval.swift; sourceTree = "<group>"; };
		157F79C81E15DA7000ED6452 /* Task.swift */ = {isa = PBXFileReference; fileEncoding = 4; lastKnownFileType = sourcecode.swift; path = Task.swift; sourceTree = "<group>"; };
		158DF2CA1EBA53E100AD98E0 /* PrioritySelectionViewController.swift */ = {isa = PBXFileReference; fileEncoding = 4; lastKnownFileType = sourcecode.swift; path = PrioritySelectionViewController.swift; sourceTree = "<group>"; };
		15B776741E73B63C00595C27 /* Priority.swift */ = {isa = PBXFileReference; fileEncoding = 4; lastKnownFileType = sourcecode.swift; path = Priority.swift; sourceTree = "<group>"; };
		15B776761E73B8E700595C27 /* DataModel.swift */ = {isa = PBXFileReference; fileEncoding = 4; lastKnownFileType = sourcecode.swift; path = DataModel.swift; sourceTree = "<group>"; };
		15CDA3C71E7C38CF0032CFD0 /* TestDataModel.swift */ = {isa = PBXFileReference; fileEncoding = 4; lastKnownFileType = sourcecode.swift; path = TestDataModel.swift; sourceTree = "<group>"; };
		15CDA3C91E7C39690032CFD0 /* TestTask.swift */ = {isa = PBXFileReference; fileEncoding = 4; lastKnownFileType = sourcecode.swift; path = TestTask.swift; sourceTree = "<group>"; };
		15CDA3CB1E7C39860032CFD0 /* TestTimeInterval.swift */ = {isa = PBXFileReference; fileEncoding = 4; lastKnownFileType = sourcecode.swift; path = TestTimeInterval.swift; sourceTree = "<group>"; };
		15D648871EEC4B9900826CEA /* NewTaskViewController.swift */ = {isa = PBXFileReference; fileEncoding = 4; lastKnownFileType = sourcecode.swift; path = NewTaskViewController.swift; sourceTree = "<group>"; };
		15D6488B1EEC501A00826CEA /* AllTaskListViewController.swift */ = {isa = PBXFileReference; fileEncoding = 4; lastKnownFileType = sourcecode.swift; path = AllTaskListViewController.swift; sourceTree = "<group>"; };
		15E9BB881E024815007004C8 /* MyTime.app */ = {isa = PBXFileReference; explicitFileType = wrapper.application; includeInIndex = 0; path = MyTime.app; sourceTree = BUILT_PRODUCTS_DIR; };
		15E9BB8B1E024815007004C8 /* AppDelegate.swift */ = {isa = PBXFileReference; lastKnownFileType = sourcecode.swift; path = AppDelegate.swift; sourceTree = "<group>"; };
		15E9BB8D1E024815007004C8 /* TaskListViewController.swift */ = {isa = PBXFileReference; lastKnownFileType = sourcecode.swift; path = TaskListViewController.swift; sourceTree = "<group>"; };
		15E9BB8F1E024815007004C8 /* TaskDetailViewController.swift */ = {isa = PBXFileReference; lastKnownFileType = sourcecode.swift; path = TaskDetailViewController.swift; sourceTree = "<group>"; };
		15E9BB921E024815007004C8 /* Base */ = {isa = PBXFileReference; lastKnownFileType = file.storyboard; name = Base; path = Base.lproj/Main.storyboard; sourceTree = "<group>"; };
		15E9BB941E024815007004C8 /* Assets.xcassets */ = {isa = PBXFileReference; lastKnownFileType = folder.assetcatalog; path = Assets.xcassets; sourceTree = "<group>"; };
		15E9BB971E024815007004C8 /* Base */ = {isa = PBXFileReference; lastKnownFileType = file.storyboard; name = Base; path = Base.lproj/LaunchScreen.storyboard; sourceTree = "<group>"; };
		15E9BB991E024815007004C8 /* Info.plist */ = {isa = PBXFileReference; lastKnownFileType = text.plist.xml; path = Info.plist; sourceTree = "<group>"; };
		15E9BB9E1E024815007004C8 /* MyTimeTests.xctest */ = {isa = PBXFileReference; explicitFileType = wrapper.cfbundle; includeInIndex = 0; path = MyTimeTests.xctest; sourceTree = BUILT_PRODUCTS_DIR; };
		15E9BBA21E024815007004C8 /* MyTimeTests.swift */ = {isa = PBXFileReference; lastKnownFileType = sourcecode.swift; path = MyTimeTests.swift; sourceTree = "<group>"; };
		15E9BBA41E024815007004C8 /* Info.plist */ = {isa = PBXFileReference; lastKnownFileType = text.plist.xml; path = Info.plist; sourceTree = "<group>"; };
		15E9BBA91E024815007004C8 /* MyTimeUITests.xctest */ = {isa = PBXFileReference; explicitFileType = wrapper.cfbundle; includeInIndex = 0; path = MyTimeUITests.xctest; sourceTree = BUILT_PRODUCTS_DIR; };
		15E9BBAD1E024815007004C8 /* MyTimeUITests.swift */ = {isa = PBXFileReference; lastKnownFileType = sourcecode.swift; path = MyTimeUITests.swift; sourceTree = "<group>"; };
		15E9BBAF1E024815007004C8 /* Info.plist */ = {isa = PBXFileReference; lastKnownFileType = text.plist.xml; path = Info.plist; sourceTree = "<group>"; };
		15EC386E1F045F7E00912718 /* DateIntervalPriorityAnalysisViewController.swift */ = {isa = PBXFileReference; fileEncoding = 4; lastKnownFileType = sourcecode.swift; path = DateIntervalPriorityAnalysisViewController.swift; sourceTree = "<group>"; };
		15EC38701F046A9000912718 /* ThreeLabelCell.swift */ = {isa = PBXFileReference; fileEncoding = 4; lastKnownFileType = sourcecode.swift; path = ThreeLabelCell.swift; sourceTree = "<group>"; };
		15EC38711F046A9000912718 /* ThreeLabelCell.xib */ = {isa = PBXFileReference; fileEncoding = 4; lastKnownFileType = file.xib; path = ThreeLabelCell.xib; sourceTree = "<group>"; };
/* End PBXFileReference section */

/* Begin PBXFrameworksBuildPhase section */
		15E9BB851E024815007004C8 /* Frameworks */ = {
			isa = PBXFrameworksBuildPhase;
			buildActionMask = 2147483647;
			files = (
			);
			runOnlyForDeploymentPostprocessing = 0;
		};
		15E9BB9B1E024815007004C8 /* Frameworks */ = {
			isa = PBXFrameworksBuildPhase;
			buildActionMask = 2147483647;
			files = (
			);
			runOnlyForDeploymentPostprocessing = 0;
		};
		15E9BBA61E024815007004C8 /* Frameworks */ = {
			isa = PBXFrameworksBuildPhase;
			buildActionMask = 2147483647;
			files = (
			);
			runOnlyForDeploymentPostprocessing = 0;
		};
/* End PBXFrameworksBuildPhase section */

/* Begin PBXGroup section */
		15362D561F0C750900F4B2B7 /* NewTab */ = {
			isa = PBXGroup;
			children = (
				15D648871EEC4B9900826CEA /* NewTaskViewController.swift */,
				155D77721E024CBF00560215 /* NewTaskTimerViewController.swift */,
			);
			name = NewTab;
			sourceTree = "<group>";
		};
		15362D571F0C753C00F4B2B7 /* PrioritiesTab */ = {
			isa = PBXGroup;
			children = (
				151BCBF61E7CC87100B89CF0 /* PriorityListViewController.swift */,
				151740DD1EEC406B00F7B7E1 /* PriorityTaskListViewController.swift */,
			);
			name = PrioritiesTab;
			sourceTree = "<group>";
		};
		15362D581F0C754500F4B2B7 /* TasksTab */ = {
			isa = PBXGroup;
			children = (
				15D6488B1EEC501A00826CEA /* AllTaskListViewController.swift */,
			);
			name = TasksTab;
			sourceTree = "<group>";
		};
		15362D591F0C754A00F4B2B7 /* AnalysisTab */ = {
			isa = PBXGroup;
			children = (
				152065691EEC716800F3B342 /* DateIntervalListViewController.swift */,
				15211EEF1EF6CE9A00AF07CE /* DateIntervalAnalysisViewController.swift */,
				15EC386E1F045F7E00912718 /* DateIntervalPriorityAnalysisViewController.swift */,
				156F25D41F14290500B9087F /* AnalysisViewController.swift */,
			);
			name = AnalysisTab;
			sourceTree = "<group>";
		};
		15362D5A1F0C75D100F4B2B7 /* AllTabs */ = {
			isa = PBXGroup;
			children = (
				15EC38701F046A9000912718 /* ThreeLabelCell.swift */,
				15EC38711F046A9000912718 /* ThreeLabelCell.xib */,
				15E9BB8D1E024815007004C8 /* TaskListViewController.swift */,
				15E9BB8F1E024815007004C8 /* TaskDetailViewController.swift */,
				158DF2CA1EBA53E100AD98E0 /* PrioritySelectionViewController.swift */,
			);
			name = AllTabs;
			sourceTree = "<group>";
		};
		15B776781E73B96E00595C27 /* Model */ = {
			isa = PBXGroup;
			children = (
				15B776761E73B8E700595C27 /* DataModel.swift */,
				15B776741E73B63C00595C27 /* Priority.swift */,
				157F79C81E15DA7000ED6452 /* Task.swift */,
				157F79C61E15CFC400ED6452 /* TimeInterval.swift */,
				151818AD1EECD9EB00E51B79 /* Utilities.swift */,
			);
			name = Model;
			sourceTree = "<group>";
		};
		15E9BB7F1E024814007004C8 = {
			isa = PBXGroup;
			children = (
				15E9BB8A1E024815007004C8 /* MyTime */,
				15E9BBA11E024815007004C8 /* MyTimeTests */,
				15E9BBAC1E024815007004C8 /* MyTimeUITests */,
				15E9BB891E024815007004C8 /* Products */,
			);
			sourceTree = "<group>";
		};
		15E9BB891E024815007004C8 /* Products */ = {
			isa = PBXGroup;
			children = (
				15E9BB881E024815007004C8 /* MyTime.app */,
				15E9BB9E1E024815007004C8 /* MyTimeTests.xctest */,
				15E9BBA91E024815007004C8 /* MyTimeUITests.xctest */,
			);
			name = Products;
			sourceTree = "<group>";
		};
		15E9BB8A1E024815007004C8 /* MyTime */ = {
			isa = PBXGroup;
			children = (
				15E9BB8B1E024815007004C8 /* AppDelegate.swift */,
				15362D5A1F0C75D100F4B2B7 /* AllTabs */,
				15362D561F0C750900F4B2B7 /* NewTab */,
				15362D571F0C753C00F4B2B7 /* PrioritiesTab */,
				15362D581F0C754500F4B2B7 /* TasksTab */,
				15362D591F0C754A00F4B2B7 /* AnalysisTab */,
				15B776781E73B96E00595C27 /* Model */,
				15E9BB911E024815007004C8 /* Main.storyboard */,
				15E9BB961E024815007004C8 /* LaunchScreen.storyboard */,
				15E9BB941E024815007004C8 /* Assets.xcassets */,
				15E9BB991E024815007004C8 /* Info.plist */,
			);
			path = MyTime;
			sourceTree = "<group>";
		};
		15E9BBA11E024815007004C8 /* MyTimeTests */ = {
			isa = PBXGroup;
			children = (
				15E9BBA21E024815007004C8 /* MyTimeTests.swift */,
				15CDA3C71E7C38CF0032CFD0 /* TestDataModel.swift */,
				15CDA3C91E7C39690032CFD0 /* TestTask.swift */,
				15CDA3CB1E7C39860032CFD0 /* TestTimeInterval.swift */,
				151818AB1EECD1B800E51B79 /* TestUtilities.swift */,
				15E9BBA41E024815007004C8 /* Info.plist */,
			);
			path = MyTimeTests;
			sourceTree = "<group>";
		};
		15E9BBAC1E024815007004C8 /* MyTimeUITests */ = {
			isa = PBXGroup;
			children = (
				15E9BBAD1E024815007004C8 /* MyTimeUITests.swift */,
				15E9BBAF1E024815007004C8 /* Info.plist */,
			);
			path = MyTimeUITests;
			sourceTree = "<group>";
		};
/* End PBXGroup section */

/* Begin PBXNativeTarget section */
		15E9BB871E024815007004C8 /* MyTime */ = {
			isa = PBXNativeTarget;
			buildConfigurationList = 15E9BBB21E024815007004C8 /* Build configuration list for PBXNativeTarget "MyTime" */;
			buildPhases = (
				15E9BB841E024815007004C8 /* Sources */,
				15E9BB851E024815007004C8 /* Frameworks */,
				15E9BB861E024815007004C8 /* Resources */,
			);
			buildRules = (
			);
			dependencies = (
			);
			name = MyTime;
			productName = MyTime;
			productReference = 15E9BB881E024815007004C8 /* MyTime.app */;
			productType = "com.apple.product-type.application";
		};
		15E9BB9D1E024815007004C8 /* MyTimeTests */ = {
			isa = PBXNativeTarget;
			buildConfigurationList = 15E9BBB51E024815007004C8 /* Build configuration list for PBXNativeTarget "MyTimeTests" */;
			buildPhases = (
				15E9BB9A1E024815007004C8 /* Sources */,
				15E9BB9B1E024815007004C8 /* Frameworks */,
				15E9BB9C1E024815007004C8 /* Resources */,
			);
			buildRules = (
			);
			dependencies = (
				15E9BBA01E024815007004C8 /* PBXTargetDependency */,
			);
			name = MyTimeTests;
			productName = MyTimeTests;
			productReference = 15E9BB9E1E024815007004C8 /* MyTimeTests.xctest */;
			productType = "com.apple.product-type.bundle.unit-test";
		};
		15E9BBA81E024815007004C8 /* MyTimeUITests */ = {
			isa = PBXNativeTarget;
			buildConfigurationList = 15E9BBB81E024815007004C8 /* Build configuration list for PBXNativeTarget "MyTimeUITests" */;
			buildPhases = (
				15E9BBA51E024815007004C8 /* Sources */,
				15E9BBA61E024815007004C8 /* Frameworks */,
				15E9BBA71E024815007004C8 /* Resources */,
			);
			buildRules = (
			);
			dependencies = (
				15E9BBAB1E024815007004C8 /* PBXTargetDependency */,
			);
			name = MyTimeUITests;
			productName = MyTimeUITests;
			productReference = 15E9BBA91E024815007004C8 /* MyTimeUITests.xctest */;
			productType = "com.apple.product-type.bundle.ui-testing";
		};
/* End PBXNativeTarget section */

/* Begin PBXProject section */
		15E9BB801E024814007004C8 /* Project object */ = {
			isa = PBXProject;
			attributes = {
				LastSwiftUpdateCheck = 0810;
				LastUpgradeCheck = 0820;
				ORGANIZATIONNAME = "Bruno Almeida";
				TargetAttributes = {
					15E9BB871E024815007004C8 = {
						CreatedOnToolsVersion = 8.1;
						DevelopmentTeam = Q8A32W8MGA;
						ProvisioningStyle = Automatic;
					};
					15E9BB9D1E024815007004C8 = {
						CreatedOnToolsVersion = 8.1;
						DevelopmentTeam = Q8A32W8MGA;
						ProvisioningStyle = Automatic;
						TestTargetID = 15E9BB871E024815007004C8;
					};
					15E9BBA81E024815007004C8 = {
						CreatedOnToolsVersion = 8.1;
						DevelopmentTeam = Q8A32W8MGA;
						ProvisioningStyle = Automatic;
						TestTargetID = 15E9BB871E024815007004C8;
					};
				};
			};
			buildConfigurationList = 15E9BB831E024814007004C8 /* Build configuration list for PBXProject "MyTime" */;
			compatibilityVersion = "Xcode 3.2";
			developmentRegion = English;
			hasScannedForEncodings = 0;
			knownRegions = (
				en,
				Base,
			);
			mainGroup = 15E9BB7F1E024814007004C8;
			productRefGroup = 15E9BB891E024815007004C8 /* Products */;
			projectDirPath = "";
			projectRoot = "";
			targets = (
				15E9BB871E024815007004C8 /* MyTime */,
				15E9BB9D1E024815007004C8 /* MyTimeTests */,
				15E9BBA81E024815007004C8 /* MyTimeUITests */,
			);
		};
/* End PBXProject section */

/* Begin PBXResourcesBuildPhase section */
		15E9BB861E024815007004C8 /* Resources */ = {
			isa = PBXResourcesBuildPhase;
			buildActionMask = 2147483647;
			files = (
				15EC38731F046A9000912718 /* ThreeLabelCell.xib in Resources */,
				15E9BB981E024815007004C8 /* LaunchScreen.storyboard in Resources */,
				15E9BB951E024815007004C8 /* Assets.xcassets in Resources */,
				15E9BB931E024815007004C8 /* Main.storyboard in Resources */,
			);
			runOnlyForDeploymentPostprocessing = 0;
		};
		15E9BB9C1E024815007004C8 /* Resources */ = {
			isa = PBXResourcesBuildPhase;
			buildActionMask = 2147483647;
			files = (
			);
			runOnlyForDeploymentPostprocessing = 0;
		};
		15E9BBA71E024815007004C8 /* Resources */ = {
			isa = PBXResourcesBuildPhase;
			buildActionMask = 2147483647;
			files = (
			);
			runOnlyForDeploymentPostprocessing = 0;
		};
/* End PBXResourcesBuildPhase section */

/* Begin PBXSourcesBuildPhase section */
		15E9BB841E024815007004C8 /* Sources */ = {
			isa = PBXSourcesBuildPhase;
			buildActionMask = 2147483647;
			files = (
				15E9BB901E024815007004C8 /* TaskDetailViewController.swift in Sources */,
				157F79C71E15CFC400ED6452 /* TimeInterval.swift in Sources */,
				15EC38721F046A9000912718 /* ThreeLabelCell.swift in Sources */,
				15E9BB8E1E024815007004C8 /* TaskListViewController.swift in Sources */,
				151818AE1EECD9EB00E51B79 /* Utilities.swift in Sources */,
				158DF2CB1EBA53E100AD98E0 /* PrioritySelectionViewController.swift in Sources */,
				156F25D51F14290500B9087F /* AnalysisViewController.swift in Sources */,
				15B776751E73B63C00595C27 /* Priority.swift in Sources */,
				1520656A1EEC716800F3B342 /* DateIntervalListViewController.swift in Sources */,
				155D77731E024CBF00560215 /* NewTaskTimerViewController.swift in Sources */,
				157F79C91E15DA7000ED6452 /* Task.swift in Sources */,
				15211EF01EF6CE9A00AF07CE /* DateIntervalAnalysisViewController.swift in Sources */,
				15D6488C1EEC501A00826CEA /* AllTaskListViewController.swift in Sources */,
				151740DE1EEC406B00F7B7E1 /* PriorityTaskListViewController.swift in Sources */,
				15E9BB8C1E024815007004C8 /* AppDelegate.swift in Sources */,
				15B776771E73B8E700595C27 /* DataModel.swift in Sources */,
				15D648881EEC4B9900826CEA /* NewTaskViewController.swift in Sources */,
				151BCBF71E7CC87100B89CF0 /* PriorityListViewController.swift in Sources */,
				15EC386F1F045F7E00912718 /* DateIntervalPriorityAnalysisViewController.swift in Sources */,
			);
			runOnlyForDeploymentPostprocessing = 0;
		};
		15E9BB9A1E024815007004C8 /* Sources */ = {
			isa = PBXSourcesBuildPhase;
			buildActionMask = 2147483647;
			files = (
				15CDA3CA1E7C39690032CFD0 /* TestTask.swift in Sources */,
				15CDA3CC1E7C39860032CFD0 /* TestTimeInterval.swift in Sources */,
				15E9BBA31E024815007004C8 /* MyTimeTests.swift in Sources */,
				15CDA3C81E7C38CF0032CFD0 /* TestDataModel.swift in Sources */,
				151818AC1EECD1B800E51B79 /* TestUtilities.swift in Sources */,
			);
			runOnlyForDeploymentPostprocessing = 0;
		};
		15E9BBA51E024815007004C8 /* Sources */ = {
			isa = PBXSourcesBuildPhase;
			buildActionMask = 2147483647;
			files = (
				15E9BBAE1E024815007004C8 /* MyTimeUITests.swift in Sources */,
			);
			runOnlyForDeploymentPostprocessing = 0;
		};
/* End PBXSourcesBuildPhase section */

/* Begin PBXTargetDependency section */
		15E9BBA01E024815007004C8 /* PBXTargetDependency */ = {
			isa = PBXTargetDependency;
			target = 15E9BB871E024815007004C8 /* MyTime */;
			targetProxy = 15E9BB9F1E024815007004C8 /* PBXContainerItemProxy */;
		};
		15E9BBAB1E024815007004C8 /* PBXTargetDependency */ = {
			isa = PBXTargetDependency;
			target = 15E9BB871E024815007004C8 /* MyTime */;
			targetProxy = 15E9BBAA1E024815007004C8 /* PBXContainerItemProxy */;
		};
/* End PBXTargetDependency section */

/* Begin PBXVariantGroup section */
		15E9BB911E024815007004C8 /* Main.storyboard */ = {
			isa = PBXVariantGroup;
			children = (
				15E9BB921E024815007004C8 /* Base */,
			);
			name = Main.storyboard;
			sourceTree = "<group>";
		};
		15E9BB961E024815007004C8 /* LaunchScreen.storyboard */ = {
			isa = PBXVariantGroup;
			children = (
				15E9BB971E024815007004C8 /* Base */,
			);
			name = LaunchScreen.storyboard;
			sourceTree = "<group>";
		};
/* End PBXVariantGroup section */

/* Begin XCBuildConfiguration section */
		15E9BBB01E024815007004C8 /* Debug */ = {
			isa = XCBuildConfiguration;
			buildSettings = {
				ALWAYS_SEARCH_USER_PATHS = NO;
				CLANG_ANALYZER_NONNULL = YES;
				CLANG_CXX_LANGUAGE_STANDARD = "gnu++0x";
				CLANG_CXX_LIBRARY = "libc++";
				CLANG_ENABLE_MODULES = YES;
				CLANG_ENABLE_OBJC_ARC = YES;
				CLANG_WARN_BOOL_CONVERSION = YES;
				CLANG_WARN_CONSTANT_CONVERSION = YES;
				CLANG_WARN_DIRECT_OBJC_ISA_USAGE = YES_ERROR;
				CLANG_WARN_DOCUMENTATION_COMMENTS = YES;
				CLANG_WARN_EMPTY_BODY = YES;
				CLANG_WARN_ENUM_CONVERSION = YES;
				CLANG_WARN_INFINITE_RECURSION = YES;
				CLANG_WARN_INT_CONVERSION = YES;
				CLANG_WARN_OBJC_ROOT_CLASS = YES_ERROR;
				CLANG_WARN_SUSPICIOUS_MOVE = YES;
				CLANG_WARN_SUSPICIOUS_MOVES = YES;
				CLANG_WARN_UNREACHABLE_CODE = YES;
				CLANG_WARN__DUPLICATE_METHOD_MATCH = YES;
				"CODE_SIGN_IDENTITY[sdk=iphoneos*]" = "iPhone Developer";
				COPY_PHASE_STRIP = NO;
				DEBUG_INFORMATION_FORMAT = dwarf;
				ENABLE_STRICT_OBJC_MSGSEND = YES;
				ENABLE_TESTABILITY = YES;
				GCC_C_LANGUAGE_STANDARD = gnu99;
				GCC_DYNAMIC_NO_PIC = NO;
				GCC_NO_COMMON_BLOCKS = YES;
				GCC_OPTIMIZATION_LEVEL = 0;
				GCC_PREPROCESSOR_DEFINITIONS = (
					"DEBUG=1",
					"$(inherited)",
				);
				GCC_WARN_64_TO_32_BIT_CONVERSION = YES;
				GCC_WARN_ABOUT_RETURN_TYPE = YES_ERROR;
				GCC_WARN_UNDECLARED_SELECTOR = YES;
				GCC_WARN_UNINITIALIZED_AUTOS = YES_AGGRESSIVE;
				GCC_WARN_UNUSED_FUNCTION = YES;
				GCC_WARN_UNUSED_VARIABLE = YES;
				IPHONEOS_DEPLOYMENT_TARGET = 10.1;
				MTL_ENABLE_DEBUG_INFO = YES;
				ONLY_ACTIVE_ARCH = YES;
				SDKROOT = iphoneos;
				SWIFT_ACTIVE_COMPILATION_CONDITIONS = DEBUG;
				SWIFT_OPTIMIZATION_LEVEL = "-Onone";
				TARGETED_DEVICE_FAMILY = "1,2";
			};
			name = Debug;
		};
		15E9BBB11E024815007004C8 /* Release */ = {
			isa = XCBuildConfiguration;
			buildSettings = {
				ALWAYS_SEARCH_USER_PATHS = NO;
				CLANG_ANALYZER_NONNULL = YES;
				CLANG_CXX_LANGUAGE_STANDARD = "gnu++0x";
				CLANG_CXX_LIBRARY = "libc++";
				CLANG_ENABLE_MODULES = YES;
				CLANG_ENABLE_OBJC_ARC = YES;
				CLANG_WARN_BOOL_CONVERSION = YES;
				CLANG_WARN_CONSTANT_CONVERSION = YES;
				CLANG_WARN_DIRECT_OBJC_ISA_USAGE = YES_ERROR;
				CLANG_WARN_DOCUMENTATION_COMMENTS = YES;
				CLANG_WARN_EMPTY_BODY = YES;
				CLANG_WARN_ENUM_CONVERSION = YES;
				CLANG_WARN_INFINITE_RECURSION = YES;
				CLANG_WARN_INT_CONVERSION = YES;
				CLANG_WARN_OBJC_ROOT_CLASS = YES_ERROR;
				CLANG_WARN_SUSPICIOUS_MOVE = YES;
				CLANG_WARN_SUSPICIOUS_MOVES = YES;
				CLANG_WARN_UNREACHABLE_CODE = YES;
				CLANG_WARN__DUPLICATE_METHOD_MATCH = YES;
				"CODE_SIGN_IDENTITY[sdk=iphoneos*]" = "iPhone Developer";
				COPY_PHASE_STRIP = NO;
				DEBUG_INFORMATION_FORMAT = "dwarf-with-dsym";
				ENABLE_NS_ASSERTIONS = NO;
				ENABLE_STRICT_OBJC_MSGSEND = YES;
				GCC_C_LANGUAGE_STANDARD = gnu99;
				GCC_NO_COMMON_BLOCKS = YES;
				GCC_WARN_64_TO_32_BIT_CONVERSION = YES;
				GCC_WARN_ABOUT_RETURN_TYPE = YES_ERROR;
				GCC_WARN_UNDECLARED_SELECTOR = YES;
				GCC_WARN_UNINITIALIZED_AUTOS = YES_AGGRESSIVE;
				GCC_WARN_UNUSED_FUNCTION = YES;
				GCC_WARN_UNUSED_VARIABLE = YES;
				IPHONEOS_DEPLOYMENT_TARGET = 10.1;
				MTL_ENABLE_DEBUG_INFO = NO;
				SDKROOT = iphoneos;
				SWIFT_OPTIMIZATION_LEVEL = "-Owholemodule";
				TARGETED_DEVICE_FAMILY = "1,2";
				VALIDATE_PRODUCT = YES;
			};
			name = Release;
		};
		15E9BBB31E024815007004C8 /* Debug */ = {
			isa = XCBuildConfiguration;
			buildSettings = {
				ASSETCATALOG_COMPILER_APPICON_NAME = AppIcon;
				DEVELOPMENT_TEAM = Q8A32W8MGA;
				INFOPLIST_FILE = MyTime/Info.plist;
				LD_RUNPATH_SEARCH_PATHS = "$(inherited) @executable_path/Frameworks";
				PRODUCT_BUNDLE_IDENTIFIER = ca.brunoalmeida.MyTime;
				PRODUCT_NAME = "$(TARGET_NAME)";
				SWIFT_VERSION = 3.0;
			};
			name = Debug;
		};
		15E9BBB41E024815007004C8 /* Release */ = {
			isa = XCBuildConfiguration;
			buildSettings = {
				ASSETCATALOG_COMPILER_APPICON_NAME = AppIcon;
				DEVELOPMENT_TEAM = Q8A32W8MGA;
				INFOPLIST_FILE = MyTime/Info.plist;
				LD_RUNPATH_SEARCH_PATHS = "$(inherited) @executable_path/Frameworks";
				PRODUCT_BUNDLE_IDENTIFIER = ca.brunoalmeida.MyTime;
				PRODUCT_NAME = "$(TARGET_NAME)";
				SWIFT_VERSION = 3.0;
			};
			name = Release;
		};
		15E9BBB61E024815007004C8 /* Debug */ = {
			isa = XCBuildConfiguration;
			buildSettings = {
				ALWAYS_EMBED_SWIFT_STANDARD_LIBRARIES = YES;
				BUNDLE_LOADER = "$(TEST_HOST)";
				DEVELOPMENT_TEAM = Q8A32W8MGA;
				INFOPLIST_FILE = MyTimeTests/Info.plist;
				LD_RUNPATH_SEARCH_PATHS = "$(inherited) @executable_path/Frameworks @loader_path/Frameworks";
				PRODUCT_BUNDLE_IDENTIFIER = ca.brunoalmeida.MyTimeTests;
				PRODUCT_NAME = "$(TARGET_NAME)";
				SWIFT_VERSION = 3.0;
				TEST_HOST = "$(BUILT_PRODUCTS_DIR)/MyTime.app/MyTime";
			};
			name = Debug;
		};
		15E9BBB71E024815007004C8 /* Release */ = {
			isa = XCBuildConfiguration;
			buildSettings = {
				ALWAYS_EMBED_SWIFT_STANDARD_LIBRARIES = YES;
				BUNDLE_LOADER = "$(TEST_HOST)";
				DEVELOPMENT_TEAM = Q8A32W8MGA;
				INFOPLIST_FILE = MyTimeTests/Info.plist;
				LD_RUNPATH_SEARCH_PATHS = "$(inherited) @executable_path/Frameworks @loader_path/Frameworks";
				PRODUCT_BUNDLE_IDENTIFIER = ca.brunoalmeida.MyTimeTests;
				PRODUCT_NAME = "$(TARGET_NAME)";
				SWIFT_VERSION = 3.0;
				TEST_HOST = "$(BUILT_PRODUCTS_DIR)/MyTime.app/MyTime";
			};
			name = Release;
		};
		15E9BBB91E024815007004C8 /* Debug */ = {
			isa = XCBuildConfiguration;
			buildSettings = {
				ALWAYS_EMBED_SWIFT_STANDARD_LIBRARIES = YES;
				DEVELOPMENT_TEAM = Q8A32W8MGA;
				INFOPLIST_FILE = MyTimeUITests/Info.plist;
				LD_RUNPATH_SEARCH_PATHS = "$(inherited) @executable_path/Frameworks @loader_path/Frameworks";
				PRODUCT_BUNDLE_IDENTIFIER = ca.brunoalmeida.MyTimeUITests;
				PRODUCT_NAME = "$(TARGET_NAME)";
				SWIFT_VERSION = 3.0;
				TEST_TARGET_NAME = MyTime;
			};
			name = Debug;
		};
		15E9BBBA1E024815007004C8 /* Release */ = {
			isa = XCBuildConfiguration;
			buildSettings = {
				ALWAYS_EMBED_SWIFT_STANDARD_LIBRARIES = YES;
				DEVELOPMENT_TEAM = Q8A32W8MGA;
				INFOPLIST_FILE = MyTimeUITests/Info.plist;
				LD_RUNPATH_SEARCH_PATHS = "$(inherited) @executable_path/Frameworks @loader_path/Frameworks";
				PRODUCT_BUNDLE_IDENTIFIER = ca.brunoalmeida.MyTimeUITests;
				PRODUCT_NAME = "$(TARGET_NAME)";
				SWIFT_VERSION = 3.0;
				TEST_TARGET_NAME = MyTime;
			};
			name = Release;
		};
/* End XCBuildConfiguration section */

/* Begin XCConfigurationList section */
		15E9BB831E024814007004C8 /* Build configuration list for PBXProject "MyTime" */ = {
			isa = XCConfigurationList;
			buildConfigurations = (
				15E9BBB01E024815007004C8 /* Debug */,
				15E9BBB11E024815007004C8 /* Release */,
			);
			defaultConfigurationIsVisible = 0;
			defaultConfigurationName = Release;
		};
		15E9BBB21E024815007004C8 /* Build configuration list for PBXNativeTarget "MyTime" */ = {
			isa = XCConfigurationList;
			buildConfigurations = (
				15E9BBB31E024815007004C8 /* Debug */,
				15E9BBB41E024815007004C8 /* Release */,
			);
			defaultConfigurationIsVisible = 0;
			defaultConfigurationName = Release;
		};
		15E9BBB51E024815007004C8 /* Build configuration list for PBXNativeTarget "MyTimeTests" */ = {
			isa = XCConfigurationList;
			buildConfigurations = (
				15E9BBB61E024815007004C8 /* Debug */,
				15E9BBB71E024815007004C8 /* Release */,
			);
			defaultConfigurationIsVisible = 0;
			defaultConfigurationName = Release;
		};
		15E9BBB81E024815007004C8 /* Build configuration list for PBXNativeTarget "MyTimeUITests" */ = {
			isa = XCConfigurationList;
			buildConfigurations = (
				15E9BBB91E024815007004C8 /* Debug */,
				15E9BBBA1E024815007004C8 /* Release */,
			);
			defaultConfigurationIsVisible = 0;
			defaultConfigurationName = Release;
		};
/* End XCConfigurationList section */
	};
	rootObject = 15E9BB801E024814007004C8 /* Project object */;
}
